// !$*UTF8*$!
{
	archiveVersion = 1;
	classes = {
	};
	objectVersion = 46;
	objects = {

/* Begin PBXBuildFile section */
		3DFF773B1E36C90A00195264 /* AppDelegate.swift in Sources */ = {isa = PBXBuildFile; fileRef = 3DFF773A1E36C90A00195264 /* AppDelegate.swift */; };
		3DFF773D1E36C90A00195264 /* ViewController.swift in Sources */ = {isa = PBXBuildFile; fileRef = 3DFF773C1E36C90A00195264 /* ViewController.swift */; };
		3DFF77401E36C90A00195264 /* Main.storyboard in Resources */ = {isa = PBXBuildFile; fileRef = 3DFF773E1E36C90A00195264 /* Main.storyboard */; };
		3DFF77421E36C90A00195264 /* Assets.xcassets in Resources */ = {isa = PBXBuildFile; fileRef = 3DFF77411E36C90A00195264 /* Assets.xcassets */; };
		3DFF77451E36C90A00195264 /* LaunchScreen.storyboard in Resources */ = {isa = PBXBuildFile; fileRef = 3DFF77431E36C90A00195264 /* LaunchScreen.storyboard */; };
		3DFF77501E36C90A00195264 /* findsnowsunTests.swift in Sources */ = {isa = PBXBuildFile; fileRef = 3DFF774F1E36C90A00195264 /* findsnowsunTests.swift */; };
		3DFF775B1E36C90A00195264 /* findsnowsunUITests.swift in Sources */ = {isa = PBXBuildFile; fileRef = 3DFF775A1E36C90A00195264 /* findsnowsunUITests.swift */; };
/* End PBXBuildFile section */

/* Begin PBXContainerItemProxy section */
		3DFF774C1E36C90A00195264 /* PBXContainerItemProxy */ = {
			isa = PBXContainerItemProxy;
			containerPortal = 3DFF772F1E36C90A00195264 /* Project object */;
			proxyType = 1;
			remoteGlobalIDString = 3DFF77361E36C90A00195264;
			remoteInfo = findsnowsun;
		};
		3DFF77571E36C90A00195264 /* PBXContainerItemProxy */ = {
			isa = PBXContainerItemProxy;
			containerPortal = 3DFF772F1E36C90A00195264 /* Project object */;
			proxyType = 1;
			remoteGlobalIDString = 3DFF77361E36C90A00195264;
			remoteInfo = findsnowsun;
		};
/* End PBXContainerItemProxy section */

/* Begin PBXFileReference section */
		3DFF77371E36C90A00195264 /* findsnowsun.app */ = {isa = PBXFileReference; explicitFileType = wrapper.application; includeInIndex = 0; path = findsnowsun.app; sourceTree = BUILT_PRODUCTS_DIR; };
		3DFF773A1E36C90A00195264 /* AppDelegate.swift */ = {isa = PBXFileReference; lastKnownFileType = sourcecode.swift; path = AppDelegate.swift; sourceTree = "<group>"; };
		3DFF773C1E36C90A00195264 /* ViewController.swift */ = {isa = PBXFileReference; lastKnownFileType = sourcecode.swift; path = ViewController.swift; sourceTree = "<group>"; };
		3DFF773F1E36C90A00195264 /* Base */ = {isa = PBXFileReference; lastKnownFileType = file.storyboard; name = Base; path = Base.lproj/Main.storyboard; sourceTree = "<group>"; };
		3DFF77411E36C90A00195264 /* Assets.xcassets */ = {isa = PBXFileReference; lastKnownFileType = folder.assetcatalog; path = Assets.xcassets; sourceTree = "<group>"; };
		3DFF77441E36C90A00195264 /* Base */ = {isa = PBXFileReference; lastKnownFileType = file.storyboard; name = Base; path = Base.lproj/LaunchScreen.storyboard; sourceTree = "<group>"; };
		3DFF77461E36C90A00195264 /* Info.plist */ = {isa = PBXFileReference; lastKnownFileType = text.plist.xml; path = Info.plist; sourceTree = "<group>"; };
		3DFF774B1E36C90A00195264 /* findsnowsunTests.xctest */ = {isa = PBXFileReference; explicitFileType = wrapper.cfbundle; includeInIndex = 0; path = findsnowsunTests.xctest; sourceTree = BUILT_PRODUCTS_DIR; };
		3DFF774F1E36C90A00195264 /* findsnowsunTests.swift */ = {isa = PBXFileReference; lastKnownFileType = sourcecode.swift; path = findsnowsunTests.swift; sourceTree = "<group>"; };
		3DFF77511E36C90A00195264 /* Info.plist */ = {isa = PBXFileReference; lastKnownFileType = text.plist.xml; path = Info.plist; sourceTree = "<group>"; };
		3DFF77561E36C90A00195264 /* findsnowsunUITests.xctest */ = {isa = PBXFileReference; explicitFileType = wrapper.cfbundle; includeInIndex = 0; path = findsnowsunUITests.xctest; sourceTree = BUILT_PRODUCTS_DIR; };
		3DFF775A1E36C90A00195264 /* findsnowsunUITests.swift */ = {isa = PBXFileReference; lastKnownFileType = sourcecode.swift; path = findsnowsunUITests.swift; sourceTree = "<group>"; };
		3DFF775C1E36C90A00195264 /* Info.plist */ = {isa = PBXFileReference; lastKnownFileType = text.plist.xml; path = Info.plist; sourceTree = "<group>"; };
/* End PBXFileReference section */

/* Begin PBXFrameworksBuildPhase section */
		3DFF77341E36C90A00195264 /* Frameworks */ = {
			isa = PBXFrameworksBuildPhase;
			buildActionMask = 2147483647;
			files = (
			);
			runOnlyForDeploymentPostprocessing = 0;
		};
		3DFF77481E36C90A00195264 /* Frameworks */ = {
			isa = PBXFrameworksBuildPhase;
			buildActionMask = 2147483647;
			files = (
			);
			runOnlyForDeploymentPostprocessing = 0;
		};
		3DFF77531E36C90A00195264 /* Frameworks */ = {
			isa = PBXFrameworksBuildPhase;
			buildActionMask = 2147483647;
			files = (
			);
			runOnlyForDeploymentPostprocessing = 0;
		};
/* End PBXFrameworksBuildPhase section */

/* Begin PBXGroup section */
		3DFF772E1E36C90A00195264 = {
			isa = PBXGroup;
			children = (
				3DFF77391E36C90A00195264 /* findsnowsun */,
				3DFF774E1E36C90A00195264 /* findsnowsunTests */,
				3DFF77591E36C90A00195264 /* findsnowsunUITests */,
				3DFF77381E36C90A00195264 /* Products */,
			);
			sourceTree = "<group>";
		};
		3DFF77381E36C90A00195264 /* Products */ = {
			isa = PBXGroup;
			children = (
				3DFF77371E36C90A00195264 /* findsnowsun.app */,
				3DFF774B1E36C90A00195264 /* findsnowsunTests.xctest */,
				3DFF77561E36C90A00195264 /* findsnowsunUITests.xctest */,
			);
			name = Products;
			sourceTree = "<group>";
		};
		3DFF77391E36C90A00195264 /* findsnowsun */ = {
			isa = PBXGroup;
			children = (
				3DFF773A1E36C90A00195264 /* AppDelegate.swift */,
				3DFF773C1E36C90A00195264 /* ViewController.swift */,
				3DFF773E1E36C90A00195264 /* Main.storyboard */,
				3DFF77411E36C90A00195264 /* Assets.xcassets */,
				3DFF77431E36C90A00195264 /* LaunchScreen.storyboard */,
				3DFF77461E36C90A00195264 /* Info.plist */,
			);
			path = findsnowsun;
			sourceTree = "<group>";
		};
		3DFF774E1E36C90A00195264 /* findsnowsunTests */ = {
			isa = PBXGroup;
			children = (
				3DFF774F1E36C90A00195264 /* findsnowsunTests.swift */,
				3DFF77511E36C90A00195264 /* Info.plist */,
			);
			path = findsnowsunTests;
			sourceTree = "<group>";
		};
		3DFF77591E36C90A00195264 /* findsnowsunUITests */ = {
			isa = PBXGroup;
			children = (
				3DFF775A1E36C90A00195264 /* findsnowsunUITests.swift */,
				3DFF775C1E36C90A00195264 /* Info.plist */,
			);
			path = findsnowsunUITests;
			sourceTree = "<group>";
		};
/* End PBXGroup section */

/* Begin PBXNativeTarget section */
		3DFF77361E36C90A00195264 /* findsnowsun */ = {
			isa = PBXNativeTarget;
			buildConfigurationList = 3DFF775F1E36C90A00195264 /* Build configuration list for PBXNativeTarget "findsnowsun" */;
			buildPhases = (
				3DFF77331E36C90A00195264 /* Sources */,
				3DFF77341E36C90A00195264 /* Frameworks */,
				3DFF77351E36C90A00195264 /* Resources */,
			);
			buildRules = (
			);
			dependencies = (
			);
			name = findsnowsun;
			productName = findsnowsun;
			productReference = 3DFF77371E36C90A00195264 /* findsnowsun.app */;
			productType = "com.apple.product-type.application";
		};
		3DFF774A1E36C90A00195264 /* findsnowsunTests */ = {
			isa = PBXNativeTarget;
			buildConfigurationList = 3DFF77621E36C90A00195264 /* Build configuration list for PBXNativeTarget "findsnowsunTests" */;
			buildPhases = (
				3DFF77471E36C90A00195264 /* Sources */,
				3DFF77481E36C90A00195264 /* Frameworks */,
				3DFF77491E36C90A00195264 /* Resources */,
			);
			buildRules = (
			);
			dependencies = (
				3DFF774D1E36C90A00195264 /* PBXTargetDependency */,
			);
			name = findsnowsunTests;
			productName = findsnowsunTests;
			productReference = 3DFF774B1E36C90A00195264 /* findsnowsunTests.xctest */;
			productType = "com.apple.product-type.bundle.unit-test";
		};
		3DFF77551E36C90A00195264 /* findsnowsunUITests */ = {
			isa = PBXNativeTarget;
			buildConfigurationList = 3DFF77651E36C90A00195264 /* Build configuration list for PBXNativeTarget "findsnowsunUITests" */;
			buildPhases = (
				3DFF77521E36C90A00195264 /* Sources */,
				3DFF77531E36C90A00195264 /* Frameworks */,
				3DFF77541E36C90A00195264 /* Resources */,
			);
			buildRules = (
			);
			dependencies = (
				3DFF77581E36C90A00195264 /* PBXTargetDependency */,
			);
			name = findsnowsunUITests;
			productName = findsnowsunUITests;
			productReference = 3DFF77561E36C90A00195264 /* findsnowsunUITests.xctest */;
			productType = "com.apple.product-type.bundle.ui-testing";
		};
/* End PBXNativeTarget section */

/* Begin PBXProject section */
		3DFF772F1E36C90A00195264 /* Project object */ = {
			isa = PBXProject;
			attributes = {
				LastSwiftUpdateCheck = 0730;
				LastUpgradeCheck = 0730;
				ORGANIZATIONNAME = "Rajaram, Gowtham R";
				TargetAttributes = {
					3DFF77361E36C90A00195264 = {
						CreatedOnToolsVersion = 7.3.1;
					};
					3DFF774A1E36C90A00195264 = {
						CreatedOnToolsVersion = 7.3.1;
						TestTargetID = 3DFF77361E36C90A00195264;
					};
					3DFF77551E36C90A00195264 = {
						CreatedOnToolsVersion = 7.3.1;
						TestTargetID = 3DFF77361E36C90A00195264;
					};
				};
			};
			buildConfigurationList = 3DFF77321E36C90A00195264 /* Build configuration list for PBXProject "findsnowsun" */;
			compatibilityVersion = "Xcode 3.2";
			developmentRegion = English;
			hasScannedForEncodings = 0;
			knownRegions = (
				en,
				Base,
			);
			mainGroup = 3DFF772E1E36C90A00195264;
			productRefGroup = 3DFF77381E36C90A00195264 /* Products */;
			projectDirPath = "";
			projectRoot = "";
			targets = (
				3DFF77361E36C90A00195264 /* findsnowsun */,
				3DFF774A1E36C90A00195264 /* findsnowsunTests */,
				3DFF77551E36C90A00195264 /* findsnowsunUITests */,
			);
		};
/* End PBXProject section */

/* Begin PBXResourcesBuildPhase section */
		3DFF77351E36C90A00195264 /* Resources */ = {
			isa = PBXResourcesBuildPhase;
			buildActionMask = 2147483647;
			files = (
				3DFF77451E36C90A00195264 /* LaunchScreen.storyboard in Resources */,
				3DFF77421E36C90A00195264 /* Assets.xcassets in Resources */,
				3DFF77401E36C90A00195264 /* Main.storyboard in Resources */,
			);
			runOnlyForDeploymentPostprocessing = 0;
		};
		3DFF77491E36C90A00195264 /* Resources */ = {
			isa = PBXResourcesBuildPhase;
			buildActionMask = 2147483647;
			files = (
			);
			runOnlyForDeploymentPostprocessing = 0;
		};
		3DFF77541E36C90A00195264 /* Resources */ = {
			isa = PBXResourcesBuildPhase;
			buildActionMask = 2147483647;
			files = (
			);
			runOnlyForDeploymentPostprocessing = 0;
		};
/* End PBXResourcesBuildPhase section */

/* Begin PBXSourcesBuildPhase section */
		3DFF77331E36C90A00195264 /* Sources */ = {
			isa = PBXSourcesBuildPhase;
			buildActionMask = 2147483647;
			files = (
				3DFF773D1E36C90A00195264 /* ViewController.swift in Sources */,
				3DFF773B1E36C90A00195264 /* AppDelegate.swift in Sources */,
			);
			runOnlyForDeploymentPostprocessing = 0;
		};
		3DFF77471E36C90A00195264 /* Sources */ = {
			isa = PBXSourcesBuildPhase;
			buildActionMask = 2147483647;
			files = (
				3DFF77501E36C90A00195264 /* findsnowsunTests.swift in Sources */,
			);
			runOnlyForDeploymentPostprocessing = 0;
		};
		3DFF77521E36C90A00195264 /* Sources */ = {
			isa = PBXSourcesBuildPhase;
			buildActionMask = 2147483647;
			files = (
				3DFF775B1E36C90A00195264 /* findsnowsunUITests.swift in Sources */,
			);
			runOnlyForDeploymentPostprocessing = 0;
		};
/* End PBXSourcesBuildPhase section */

/* Begin PBXTargetDependency section */
		3DFF774D1E36C90A00195264 /* PBXTargetDependency */ = {
			isa = PBXTargetDependency;
			target = 3DFF77361E36C90A00195264 /* findsnowsun */;
			targetProxy = 3DFF774C1E36C90A00195264 /* PBXContainerItemProxy */;
		};
		3DFF77581E36C90A00195264 /* PBXTargetDependency */ = {
			isa = PBXTargetDependency;
			target = 3DFF77361E36C90A00195264 /* findsnowsun */;
			targetProxy = 3DFF77571E36C90A00195264 /* PBXContainerItemProxy */;
		};
/* End PBXTargetDependency section */

/* Begin PBXVariantGroup section */
		3DFF773E1E36C90A00195264 /* Main.storyboard */ = {
			isa = PBXVariantGroup;
			children = (
				3DFF773F1E36C90A00195264 /* Base */,
			);
			name = Main.storyboard;
			sourceTree = "<group>";
		};
		3DFF77431E36C90A00195264 /* LaunchScreen.storyboard */ = {
			isa = PBXVariantGroup;
			children = (
				3DFF77441E36C90A00195264 /* Base */,
			);
			name = LaunchScreen.storyboard;
			sourceTree = "<group>";
		};
/* End PBXVariantGroup section */

/* Begin XCBuildConfiguration section */
		3DFF775D1E36C90A00195264 /* Debug */ = {
			isa = XCBuildConfiguration;
			buildSettings = {
				ALWAYS_SEARCH_USER_PATHS = NO;
				CLANG_ANALYZER_NONNULL = YES;
				CLANG_CXX_LANGUAGE_STANDARD = "gnu++0x";
				CLANG_CXX_LIBRARY = "libc++";
				CLANG_ENABLE_MODULES = YES;
				CLANG_ENABLE_OBJC_ARC = YES;
				CLANG_WARN_BOOL_CONVERSION = YES;
				CLANG_WARN_CONSTANT_CONVERSION = YES;
				CLANG_WARN_DIRECT_OBJC_ISA_USAGE = YES_ERROR;
				CLANG_WARN_EMPTY_BODY = YES;
				CLANG_WARN_ENUM_CONVERSION = YES;
				CLANG_WARN_INT_CONVERSION = YES;
				CLANG_WARN_OBJC_ROOT_CLASS = YES_ERROR;
				CLANG_WARN_UNREACHABLE_CODE = YES;
				CLANG_WARN__DUPLICATE_METHOD_MATCH = YES;
				"CODE_SIGN_IDENTITY[sdk=iphoneos*]" = "iPhone Developer";
				COPY_PHASE_STRIP = NO;
				DEBUG_INFORMATION_FORMAT = dwarf;
				ENABLE_STRICT_OBJC_MSGSEND = YES;
				ENABLE_TESTABILITY = YES;
				GCC_C_LANGUAGE_STANDARD = gnu99;
				GCC_DYNAMIC_NO_PIC = NO;
				GCC_NO_COMMON_BLOCKS = YES;
				GCC_OPTIMIZATION_LEVEL = 0;
				GCC_PREPROCESSOR_DEFINITIONS = (
					"DEBUG=1",
					"$(inherited)",
				);
				GCC_WARN_64_TO_32_BIT_CONVERSION = YES;
				GCC_WARN_ABOUT_RETURN_TYPE = YES_ERROR;
				GCC_WARN_UNDECLARED_SELECTOR = YES;
				GCC_WARN_UNINITIALIZED_AUTOS = YES_AGGRESSIVE;
				GCC_WARN_UNUSED_FUNCTION = YES;
				GCC_WARN_UNUSED_VARIABLE = YES;
				IPHONEOS_DEPLOYMENT_TARGET = 9.3;
				MTL_ENABLE_DEBUG_INFO = YES;
				ONLY_ACTIVE_ARCH = YES;
				SDKROOT = iphoneos;
				SWIFT_OPTIMIZATION_LEVEL = "-Onone";
				TARGETED_DEVICE_FAMILY = "1,2";
			};
			name = Debug;
		};
		3DFF775E1E36C90A00195264 /* Release */ = {
			isa = XCBuildConfiguration;
			buildSettings = {
				ALWAYS_SEARCH_USER_PATHS = NO;
				CLANG_ANALYZER_NONNULL = YES;
				CLANG_CXX_LANGUAGE_STANDARD = "gnu++0x";
				CLANG_CXX_LIBRARY = "libc++";
				CLANG_ENABLE_MODULES = YES;
				CLANG_ENABLE_OBJC_ARC = YES;
				CLANG_WARN_BOOL_CONVERSION = YES;
				CLANG_WARN_CONSTANT_CONVERSION = YES;
				CLANG_WARN_DIRECT_OBJC_ISA_USAGE = YES_ERROR;
				CLANG_WARN_EMPTY_BODY = YES;
				CLANG_WARN_ENUM_CONVERSION = YES;
				CLANG_WARN_INT_CONVERSION = YES;
				CLANG_WARN_OBJC_ROOT_CLASS = YES_ERROR;
				CLANG_WARN_UNREACHABLE_CODE = YES;
				CLANG_WARN__DUPLICATE_METHOD_MATCH = YES;
				"CODE_SIGN_IDENTITY[sdk=iphoneos*]" = "iPhone Developer";
				COPY_PHASE_STRIP = NO;
				DEBUG_INFORMATION_FORMAT = "dwarf-with-dsym";
				ENABLE_NS_ASSERTIONS = NO;
				ENABLE_STRICT_OBJC_MSGSEND = YES;
				GCC_C_LANGUAGE_STANDARD = gnu99;
				GCC_NO_COMMON_BLOCKS = YES;
				GCC_WARN_64_TO_32_BIT_CONVERSION = YES;
				GCC_WARN_ABOUT_RETURN_TYPE = YES_ERROR;
				GCC_WARN_UNDECLARED_SELECTOR = YES;
				GCC_WARN_UNINITIALIZED_AUTOS = YES_AGGRESSIVE;
				GCC_WARN_UNUSED_FUNCTION = YES;
				GCC_WARN_UNUSED_VARIABLE = YES;
				IPHONEOS_DEPLOYMENT_TARGET = 9.3;
				MTL_ENABLE_DEBUG_INFO = NO;
				SDKROOT = iphoneos;
				TARGETED_DEVICE_FAMILY = "1,2";
				VALIDATE_PRODUCT = YES;
			};
			name = Release;
		};
		3DFF77601E36C90A00195264 /* Debug */ = {
			isa = XCBuildConfiguration;
			buildSettings = {
				ASSETCATALOG_COMPILER_APPICON_NAME = AppIcon;
				INFOPLIST_FILE = findsnowsun/Info.plist;
				LD_RUNPATH_SEARCH_PATHS = "$(inherited) @executable_path/Frameworks";
				PRODUCT_BUNDLE_IDENTIFIER = com.pearson.learnswift.findsnowsun;
				PRODUCT_NAME = "$(TARGET_NAME)";
			};
			name = Debug;
		};
		3DFF77611E36C90A00195264 /* Release */ = {
			isa = XCBuildConfiguration;
			buildSettings = {
				ASSETCATALOG_COMPILER_APPICON_NAME = AppIcon;
				INFOPLIST_FILE = findsnowsun/Info.plist;
				LD_RUNPATH_SEARCH_PATHS = "$(inherited) @executable_path/Frameworks";
				PRODUCT_BUNDLE_IDENTIFIER = com.pearson.learnswift.findsnowsun;
				PRODUCT_NAME = "$(TARGET_NAME)";
			};
			name = Release;
		};
		3DFF77631E36C90A00195264 /* Debug */ = {
			isa = XCBuildConfiguration;
			buildSettings = {
				BUNDLE_LOADER = "$(TEST_HOST)";
				INFOPLIST_FILE = findsnowsunTests/Info.plist;
				LD_RUNPATH_SEARCH_PATHS = "$(inherited) @executable_path/Frameworks @loader_path/Frameworks";
				PRODUCT_BUNDLE_IDENTIFIER = com.pearson.learnswift.findsnowsunTests;
				PRODUCT_NAME = "$(TARGET_NAME)";
				TEST_HOST = "$(BUILT_PRODUCTS_DIR)/findsnowsun.app/findsnowsun";
			};
			name = Debug;
		};
		3DFF77641E36C90A00195264 /* Release */ = {
			isa = XCBuildConfiguration;
			buildSettings = {
				BUNDLE_LOADER = "$(TEST_HOST)";
				INFOPLIST_FILE = findsnowsunTests/Info.plist;
				LD_RUNPATH_SEARCH_PATHS = "$(inherited) @executable_path/Frameworks @loader_path/Frameworks";
				PRODUCT_BUNDLE_IDENTIFIER = com.pearson.learnswift.findsnowsunTests;
				PRODUCT_NAME = "$(TARGET_NAME)";
				TEST_HOST = "$(BUILT_PRODUCTS_DIR)/findsnowsun.app/findsnowsun";
			};
			name = Release;
		};
		3DFF77661E36C90A00195264 /* Debug */ = {
			isa = XCBuildConfiguration;
			buildSettings = {
				INFOPLIST_FILE = findsnowsunUITests/Info.plist;
				LD_RUNPATH_SEARCH_PATHS = "$(inherited) @executable_path/Frameworks @loader_path/Frameworks";
				PRODUCT_BUNDLE_IDENTIFIER = com.pearson.learnswift.findsnowsunUITests;
				PRODUCT_NAME = "$(TARGET_NAME)";
				TEST_TARGET_NAME = findsnowsun;
			};
			name = Debug;
		};
		3DFF77671E36C90A00195264 /* Release */ = {
			isa = XCBuildConfiguration;
			buildSettings = {
				INFOPLIST_FILE = findsnowsunUITests/Info.plist;
				LD_RUNPATH_SEARCH_PATHS = "$(inherited) @executable_path/Frameworks @loader_path/Frameworks";
				PRODUCT_BUNDLE_IDENTIFIER = com.pearson.learnswift.findsnowsunUITests;
				PRODUCT_NAME = "$(TARGET_NAME)";
				TEST_TARGET_NAME = findsnowsun;
			};
			name = Release;
		};
/* End XCBuildConfiguration section */

/* Begin XCConfigurationList section */
		3DFF77321E36C90A00195264 /* Build configuration list for PBXProject "findsnowsun" */ = {
			isa = XCConfigurationList;
			buildConfigurations = (
				3DFF775D1E36C90A00195264 /* Debug */,
				3DFF775E1E36C90A00195264 /* Release */,
			);
			defaultConfigurationIsVisible = 0;
			defaultConfigurationName = Release;
		};
		3DFF775F1E36C90A00195264 /* Build configuration list for PBXNativeTarget "findsnowsun" */ = {
			isa = XCConfigurationList;
			buildConfigurations = (
				3DFF77601E36C90A00195264 /* Debug */,
				3DFF77611E36C90A00195264 /* Release */,
			);
			defaultConfigurationIsVisible = 0;
		};
		3DFF77621E36C90A00195264 /* Build configuration list for PBXNativeTarget "findsnowsunTests" */ = {
			isa = XCConfigurationList;
			buildConfigurations = (
				3DFF77631E36C90A00195264 /* Debug */,
				3DFF77641E36C90A00195264 /* Release */,
			);
			defaultConfigurationIsVisible = 0;
		};
		3DFF77651E36C90A00195264 /* Build configuration list for PBXNativeTarget "findsnowsunUITests" */ = {
			isa = XCConfigurationList;
			buildConfigurations = (
				3DFF77661E36C90A00195264 /* Debug */,
				3DFF77671E36C90A00195264 /* Release */,
			);
			defaultConfigurationIsVisible = 0;
		};
/* End XCConfigurationList section */
	};
	rootObject = 3DFF772F1E36C90A00195264 /* Project object */;
}
